
Microsoft Visual Studio Solution File, Format Version 12.00
# Visual Studio Version 17
VisualStudioVersion = 17.4.33110.190
MinimumVisualStudioVersion = 10.0.40219.1
Project("{9A19103F-16F7-4668-BE54-9A1E7A4F7556}") = "RadarFII.Worker", "..\RadarFII.Worker.csproj", "{9AA2052D-F9C0-42FC-9DE4-08B914F6238A}"
EndProject
Project("{9A19103F-16F7-4668-BE54-9A1E7A4F7556}") = "RadarFII.Data", "..\..\RadarFII.Data\RadarFII.Data.csproj", "{DC0C3FFE-0C62-4796-8439-A74373D56960}"
EndProject
Project("{9A19103F-16F7-4668-BE54-9A1E7A4F7556}") = "RadarFII.Business", "..\..\RadarFII.Business\RadarFII.Business.csproj", "{F48DF443-7D5D-44C6-B0C4-A98C2732B310}"
EndProject
Project("{9A19103F-16F7-4668-BE54-9A1E7A4F7556}") = "RadarFII.Service", "..\..\RadarFII.Service\RadarFII.Service.csproj", "{F903F656-2428-46EB-B668-984A60E71CCD}"
EndProject
Global
	GlobalSection(SolutionConfigurationPlatforms) = preSolution
		Debug|Any CPU = Debug|Any CPU
		Release|Any CPU = Release|Any CPU
	EndGlobalSection
	GlobalSection(ProjectConfigurationPlatforms) = postSolution
		{9AA2052D-F9C0-42FC-9DE4-08B914F6238A}.Debug|Any CPU.ActiveCfg = Debug|Any CPU
		{9AA2052D-F9C0-42FC-9DE4-08B914F6238A}.Debug|Any CPU.Build.0 = Debug|Any CPU
		{9AA2052D-F9C0-42FC-9DE4-08B914F6238A}.Release|Any CPU.ActiveCfg = Release|Any CPU
		{9AA2052D-F9C0-42FC-9DE4-08B914F6238A}.Release|Any CPU.Build.0 = Release|Any CPU
		{DC0C3FFE-0C62-4796-8439-A74373D56960}.Debug|Any CPU.ActiveCfg = Debug|Any CPU
		{DC0C3FFE-0C62-4796-8439-A74373D56960}.Debug|Any CPU.Build.0 = Debug|Any CPU
		{DC0C3FFE-0C62-4796-8439-A74373D56960}.Release|Any CPU.ActiveCfg = Release|Any CPU
		{DC0C3FFE-0C62-4796-8439-A74373D56960}.Release|Any CPU.Build.0 = Release|Any CPU
		{F48DF443-7D5D-44C6-B0C4-A98C2732B310}.Debug|Any CPU.ActiveCfg = Debug|Any CPU
		{F48DF443-7D5D-44C6-B0C4-A98C2732B310}.Debug|Any CPU.Build.0 = Debug|Any CPU
		{F48DF443-7D5D-44C6-B0C4-A98C2732B310}.Release|Any CPU.ActiveCfg = Release|Any CPU
		{F48DF443-7D5D-44C6-B0C4-A98C2732B310}.Release|Any CPU.Build.0 = Release|Any CPU
		{F903F656-2428-46EB-B668-984A60E71CCD}.Debug|Any CPU.ActiveCfg = Debug|Any CPU
		{F903F656-2428-46EB-B668-984A60E71CCD}.Debug|Any CPU.Build.0 = Debug|Any CPU
		{F903F656-2428-46EB-B668-984A60E71CCD}.Release|Any CPU.ActiveCfg = Release|Any CPU
		{F903F656-2428-46EB-B668-984A60E71CCD}.Release|Any CPU.Build.0 = Release|Any CPU
	EndGlobalSection
	GlobalSection(SolutionProperties) = preSolution
		HideSolutionNode = FALSE
	EndGlobalSection
	GlobalSection(ExtensibilityGlobals) = postSolution
		SolutionGuid = {DFE2E8FB-B58C-4D2E-A2BA-3B37232DB61B}
	EndGlobalSection
EndGlobal
