
Microsoft Visual Studio Solution File, Format Version 12.00
# Visual Studio Version 17
VisualStudioVersion = 17.4.33110.190
MinimumVisualStudioVersion = 10.0.40219.1
Project("{9A19103F-16F7-4668-BE54-9A1E7A4F7556}") = "RadarFII.Business", "..\ToDo.Business\RadarFII.Business.csproj", "{7F1340A8-5A2C-4883-BB5D-FDCDE64A102E}"
EndProject
Project("{9A19103F-16F7-4668-BE54-9A1E7A4F7556}") = "RadarFII.Data", "..\ToDo.Data\RadarFII.Data.csproj", "{DBDFE414-60A7-4679-B6F9-DCC22A276A26}"
EndProject
Project("{FAE04EC0-301F-11D3-BF4B-00C04F79EFBC}") = "RadarFII.Worker", "..\RadarFIIWorker\RadarFII.Worker.csproj", "{1F50B0AC-77B3-414D-8FE6-014C569074A0}"
EndProject
Project("{FAE04EC0-301F-11D3-BF4B-00C04F79EFBC}") = "RadarFII.Service", "..\RadarFII.Service\RadarFII.Service.csproj", "{AA3942CA-BCFD-4133-8A95-04E202FB37AA}"
EndProject
Global
	GlobalSection(SolutionConfigurationPlatforms) = preSolution
		Debug|Any CPU = Debug|Any CPU
		Release|Any CPU = Release|Any CPU
	EndGlobalSection
	GlobalSection(ProjectConfigurationPlatforms) = postSolution
		{7F1340A8-5A2C-4883-BB5D-FDCDE64A102E}.Debug|Any CPU.ActiveCfg = Debug|Any CPU
		{7F1340A8-5A2C-4883-BB5D-FDCDE64A102E}.Debug|Any CPU.Build.0 = Debug|Any CPU
		{7F1340A8-5A2C-4883-BB5D-FDCDE64A102E}.Release|Any CPU.ActiveCfg = Release|Any CPU
		{7F1340A8-5A2C-4883-BB5D-FDCDE64A102E}.Release|Any CPU.Build.0 = Release|Any CPU
		{DBDFE414-60A7-4679-B6F9-DCC22A276A26}.Debug|Any CPU.ActiveCfg = Debug|Any CPU
		{DBDFE414-60A7-4679-B6F9-DCC22A276A26}.Debug|Any CPU.Build.0 = Debug|Any CPU
		{DBDFE414-60A7-4679-B6F9-DCC22A276A26}.Release|Any CPU.ActiveCfg = Release|Any CPU
		{DBDFE414-60A7-4679-B6F9-DCC22A276A26}.Release|Any CPU.Build.0 = Release|Any CPU
		{1F50B0AC-77B3-414D-8FE6-014C569074A0}.Debug|Any CPU.ActiveCfg = Debug|Any CPU
		{1F50B0AC-77B3-414D-8FE6-014C569074A0}.Debug|Any CPU.Build.0 = Debug|Any CPU
		{1F50B0AC-77B3-414D-8FE6-014C569074A0}.Release|Any CPU.ActiveCfg = Release|Any CPU
		{1F50B0AC-77B3-414D-8FE6-014C569074A0}.Release|Any CPU.Build.0 = Release|Any CPU
		{AA3942CA-BCFD-4133-8A95-04E202FB37AA}.Debug|Any CPU.ActiveCfg = Debug|Any CPU
		{AA3942CA-BCFD-4133-8A95-04E202FB37AA}.Debug|Any CPU.Build.0 = Debug|Any CPU
		{AA3942CA-BCFD-4133-8A95-04E202FB37AA}.Release|Any CPU.ActiveCfg = Release|Any CPU
		{AA3942CA-BCFD-4133-8A95-04E202FB37AA}.Release|Any CPU.Build.0 = Release|Any CPU
	EndGlobalSection
	GlobalSection(SolutionProperties) = preSolution
		HideSolutionNode = FALSE
	EndGlobalSection
	GlobalSection(ExtensibilityGlobals) = postSolution
		SolutionGuid = {ABC7CA11-94A3-4F32-A655-5834C1E9AA78}
	EndGlobalSection
EndGlobal
